// !$*UTF8*$!
{
	archiveVersion = 1;
	classes = {
	};
	objectVersion = 46;
	objects = {

/* Begin PBXBuildFile section */
		6FDDC6D91523EE1B00BA3D79 /* UIKit.framework in Frameworks */ = {isa = PBXBuildFile; fileRef = 6FDDC6D81523EE1B00BA3D79 /* UIKit.framework */; };
		6FDDC6DB1523EE1B00BA3D79 /* Foundation.framework in Frameworks */ = {isa = PBXBuildFile; fileRef = 6FDDC6DA1523EE1B00BA3D79 /* Foundation.framework */; };
		6FDDC6DD1523EE1B00BA3D79 /* CoreGraphics.framework in Frameworks */ = {isa = PBXBuildFile; fileRef = 6FDDC6DC1523EE1B00BA3D79 /* CoreGraphics.framework */; };
		6FDDC6E31523EE1B00BA3D79 /* InfoPlist.strings in Resources */ = {isa = PBXBuildFile; fileRef = 6FDDC6E11523EE1B00BA3D79 /* InfoPlist.strings */; };
		6FDDC6E51523EE1B00BA3D79 /* main.m in Sources */ = {isa = PBXBuildFile; fileRef = 6FDDC6E41523EE1B00BA3D79 /* main.m */; };
		6FDDC6E91523EE1B00BA3D79 /* AppDelegate.m in Sources */ = {isa = PBXBuildFile; fileRef = 6FDDC6E81523EE1B00BA3D79 /* AppDelegate.m */; };
		6FDDC6EC1523EE1B00BA3D79 /* MainStoryboard_iPhone.storyboard in Resources */ = {isa = PBXBuildFile; fileRef = 6FDDC6EA1523EE1B00BA3D79 /* MainStoryboard_iPhone.storyboard */; };
		6FDDC6EF1523EE1B00BA3D79 /* MainStoryboard_iPad.storyboard in Resources */ = {isa = PBXBuildFile; fileRef = 6FDDC6ED1523EE1B00BA3D79 /* MainStoryboard_iPad.storyboard */; };
		6FDDC6F21523EE1B00BA3D79 /* ViewController.m in Sources */ = {isa = PBXBuildFile; fileRef = 6FDDC6F11523EE1B00BA3D79 /* ViewController.m */; };
		6FDDC6FA1523EE1B00BA3D79 /* SenTestingKit.framework in Frameworks */ = {isa = PBXBuildFile; fileRef = 6FDDC6F91523EE1B00BA3D79 /* SenTestingKit.framework */; };
		6FDDC6FB1523EE1B00BA3D79 /* UIKit.framework in Frameworks */ = {isa = PBXBuildFile; fileRef = 6FDDC6D81523EE1B00BA3D79 /* UIKit.framework */; };
		6FDDC6FC1523EE1B00BA3D79 /* Foundation.framework in Frameworks */ = {isa = PBXBuildFile; fileRef = 6FDDC6DA1523EE1B00BA3D79 /* Foundation.framework */; };
		6FDDC7041523EE1B00BA3D79 /* InfoPlist.strings in Resources */ = {isa = PBXBuildFile; fileRef = 6FDDC7021523EE1B00BA3D79 /* InfoPlist.strings */; };
		6FDDC7071523EE1B00BA3D79 /* GitTestTests.m in Sources */ = {isa = PBXBuildFile; fileRef = 6FDDC7061523EE1B00BA3D79 /* GitTestTests.m */; };
/* End PBXBuildFile section */

/* Begin PBXContainerItemProxy section */
		6FDDC6FD1523EE1B00BA3D79 /* PBXContainerItemProxy */ = {
			isa = PBXContainerItemProxy;
			containerPortal = 6FDDC6CB1523EE1B00BA3D79 /* Project object */;
			proxyType = 1;
			remoteGlobalIDString = 6FDDC6D31523EE1B00BA3D79;
			remoteInfo = GitTest;
		};
/* End PBXContainerItemProxy section */

/* Begin PBXFileReference section */
		6FDDC6D41523EE1B00BA3D79 /* GitTest.app */ = {isa = PBXFileReference; explicitFileType = wrapper.application; includeInIndex = 0; path = GitTest.app; sourceTree = BUILT_PRODUCTS_DIR; };
		6FDDC6D81523EE1B00BA3D79 /* UIKit.framework */ = {isa = PBXFileReference; lastKnownFileType = wrapper.framework; name = UIKit.framework; path = System/Library/Frameworks/UIKit.framework; sourceTree = SDKROOT; };
		6FDDC6DA1523EE1B00BA3D79 /* Foundation.framework */ = {isa = PBXFileReference; lastKnownFileType = wrapper.framework; name = Foundation.framework; path = System/Library/Frameworks/Foundation.framework; sourceTree = SDKROOT; };
		6FDDC6DC1523EE1B00BA3D79 /* CoreGraphics.framework */ = {isa = PBXFileReference; lastKnownFileType = wrapper.framework; name = CoreGraphics.framework; path = System/Library/Frameworks/CoreGraphics.framework; sourceTree = SDKROOT; };
		6FDDC6E01523EE1B00BA3D79 /* GitTest-Info.plist */ = {isa = PBXFileReference; lastKnownFileType = text.plist.xml; path = "GitTest-Info.plist"; sourceTree = "<group>"; };
		6FDDC6E21523EE1B00BA3D79 /* en */ = {isa = PBXFileReference; lastKnownFileType = text.plist.strings; name = en; path = en.lproj/InfoPlist.strings; sourceTree = "<group>"; };
		6FDDC6E41523EE1B00BA3D79 /* main.m */ = {isa = PBXFileReference; lastKnownFileType = sourcecode.c.objc; path = main.m; sourceTree = "<group>"; };
		6FDDC6E61523EE1B00BA3D79 /* GitTest-Prefix.pch */ = {isa = PBXFileReference; lastKnownFileType = sourcecode.c.h; path = "GitTest-Prefix.pch"; sourceTree = "<group>"; };
		6FDDC6E71523EE1B00BA3D79 /* AppDelegate.h */ = {isa = PBXFileReference; lastKnownFileType = sourcecode.c.h; path = AppDelegate.h; sourceTree = "<group>"; };
		6FDDC6E81523EE1B00BA3D79 /* AppDelegate.m */ = {isa = PBXFileReference; lastKnownFileType = sourcecode.c.objc; path = AppDelegate.m; sourceTree = "<group>"; };
		6FDDC6EB1523EE1B00BA3D79 /* en */ = {isa = PBXFileReference; lastKnownFileType = file.storyboard; name = en; path = en.lproj/MainStoryboard_iPhone.storyboard; sourceTree = "<group>"; };
		6FDDC6EE1523EE1B00BA3D79 /* en */ = {isa = PBXFileReference; lastKnownFileType = file.storyboard; name = en; path = en.lproj/MainStoryboard_iPad.storyboard; sourceTree = "<group>"; };
		6FDDC6F01523EE1B00BA3D79 /* ViewController.h */ = {isa = PBXFileReference; lastKnownFileType = sourcecode.c.h; path = ViewController.h; sourceTree = "<group>"; };
		6FDDC6F11523EE1B00BA3D79 /* ViewController.m */ = {isa = PBXFileReference; lastKnownFileType = sourcecode.c.objc; path = ViewController.m; sourceTree = "<group>"; };
		6FDDC6F81523EE1B00BA3D79 /* GitTestTests.octest */ = {isa = PBXFileReference; explicitFileType = wrapper.cfbundle; includeInIndex = 0; path = GitTestTests.octest; sourceTree = BUILT_PRODUCTS_DIR; };
		6FDDC6F91523EE1B00BA3D79 /* SenTestingKit.framework */ = {isa = PBXFileReference; lastKnownFileType = wrapper.framework; name = SenTestingKit.framework; path = Library/Frameworks/SenTestingKit.framework; sourceTree = DEVELOPER_DIR; };
		6FDDC7011523EE1B00BA3D79 /* GitTestTests-Info.plist */ = {isa = PBXFileReference; lastKnownFileType = text.plist.xml; path = "GitTestTests-Info.plist"; sourceTree = "<group>"; };
		6FDDC7031523EE1B00BA3D79 /* en */ = {isa = PBXFileReference; lastKnownFileType = text.plist.strings; name = en; path = en.lproj/InfoPlist.strings; sourceTree = "<group>"; };
		6FDDC7051523EE1B00BA3D79 /* GitTestTests.h */ = {isa = PBXFileReference; lastKnownFileType = sourcecode.c.h; path = GitTestTests.h; sourceTree = "<group>"; };
		6FDDC7061523EE1B00BA3D79 /* GitTestTests.m */ = {isa = PBXFileReference; lastKnownFileType = sourcecode.c.objc; path = GitTestTests.m; sourceTree = "<group>"; };
/* End PBXFileReference section */

/* Begin PBXFrameworksBuildPhase section */
		6FDDC6D11523EE1B00BA3D79 /* Frameworks */ = {
			isa = PBXFrameworksBuildPhase;
			buildActionMask = 2147483647;
			files = (
				6FDDC6D91523EE1B00BA3D79 /* UIKit.framework in Frameworks */,
				6FDDC6DB1523EE1B00BA3D79 /* Foundation.framework in Frameworks */,
				6FDDC6DD1523EE1B00BA3D79 /* CoreGraphics.framework in Frameworks */,
			);
			runOnlyForDeploymentPostprocessing = 0;
		};
		6FDDC6F41523EE1B00BA3D79 /* Frameworks */ = {
			isa = PBXFrameworksBuildPhase;
			buildActionMask = 2147483647;
			files = (
				6FDDC6FA1523EE1B00BA3D79 /* SenTestingKit.framework in Frameworks */,
				6FDDC6FB1523EE1B00BA3D79 /* UIKit.framework in Frameworks */,
				6FDDC6FC1523EE1B00BA3D79 /* Foundation.framework in Frameworks */,
			);
			runOnlyForDeploymentPostprocessing = 0;
		};
/* End PBXFrameworksBuildPhase section */

/* Begin PBXGroup section */
		6FDDC6C91523EE1B00BA3D79 = {
			isa = PBXGroup;
			children = (
				6FDDC6DE1523EE1B00BA3D79 /* GitTest */,
				6FDDC6FF1523EE1B00BA3D79 /* GitTestTests */,
				6FDDC6D71523EE1B00BA3D79 /* Frameworks */,
				6FDDC6D51523EE1B00BA3D79 /* Products */,
			);
			sourceTree = "<group>";
		};
		6FDDC6D51523EE1B00BA3D79 /* Products */ = {
			isa = PBXGroup;
			children = (
				6FDDC6D41523EE1B00BA3D79 /* GitTest.app */,
				6FDDC6F81523EE1B00BA3D79 /* GitTestTests.octest */,
			);
			name = Products;
			sourceTree = "<group>";
		};
		6FDDC6D71523EE1B00BA3D79 /* Frameworks */ = {
			isa = PBXGroup;
			children = (
				6FDDC6D81523EE1B00BA3D79 /* UIKit.framework */,
				6FDDC6DA1523EE1B00BA3D79 /* Foundation.framework */,
				6FDDC6DC1523EE1B00BA3D79 /* CoreGraphics.framework */,
				6FDDC6F91523EE1B00BA3D79 /* SenTestingKit.framework */,
			);
			name = Frameworks;
			sourceTree = "<group>";
		};
		6FDDC6DE1523EE1B00BA3D79 /* GitTest */ = {
			isa = PBXGroup;
			children = (
				6FDDC6E71523EE1B00BA3D79 /* AppDelegate.h */,
				6FDDC6E81523EE1B00BA3D79 /* AppDelegate.m */,
				6FDDC6EA1523EE1B00BA3D79 /* MainStoryboard_iPhone.storyboard */,
				6FDDC6ED1523EE1B00BA3D79 /* MainStoryboard_iPad.storyboard */,
				6FDDC6F01523EE1B00BA3D79 /* ViewController.h */,
				6FDDC6F11523EE1B00BA3D79 /* ViewController.m */,
				6FDDC6DF1523EE1B00BA3D79 /* Supporting Files */,
			);
			path = GitTest;
			sourceTree = "<group>";
		};
		6FDDC6DF1523EE1B00BA3D79 /* Supporting Files */ = {
			isa = PBXGroup;
			children = (
				6FDDC6E01523EE1B00BA3D79 /* GitTest-Info.plist */,
				6FDDC6E11523EE1B00BA3D79 /* InfoPlist.strings */,
				6FDDC6E41523EE1B00BA3D79 /* main.m */,
				6FDDC6E61523EE1B00BA3D79 /* GitTest-Prefix.pch */,
			);
			name = "Supporting Files";
			sourceTree = "<group>";
		};
		6FDDC6FF1523EE1B00BA3D79 /* GitTestTests */ = {
			isa = PBXGroup;
			children = (
				6FDDC7051523EE1B00BA3D79 /* GitTestTests.h */,
				6FDDC7061523EE1B00BA3D79 /* GitTestTests.m */,
				6FDDC7001523EE1B00BA3D79 /* Supporting Files */,
			);
			path = GitTestTests;
			sourceTree = "<group>";
		};
		6FDDC7001523EE1B00BA3D79 /* Supporting Files */ = {
			isa = PBXGroup;
			children = (
				6FDDC7011523EE1B00BA3D79 /* GitTestTests-Info.plist */,
				6FDDC7021523EE1B00BA3D79 /* InfoPlist.strings */,
			);
			name = "Supporting Files";
			sourceTree = "<group>";
		};
/* End PBXGroup section */

/* Begin PBXNativeTarget section */
		6FDDC6D31523EE1B00BA3D79 /* GitTest */ = {
			isa = PBXNativeTarget;
			buildConfigurationList = 6FDDC70A1523EE1B00BA3D79 /* Build configuration list for PBXNativeTarget "GitTest" */;
			buildPhases = (
				6FDDC6D01523EE1B00BA3D79 /* Sources */,
				6FDDC6D11523EE1B00BA3D79 /* Frameworks */,
				6FDDC6D21523EE1B00BA3D79 /* Resources */,
			);
			buildRules = (
			);
			dependencies = (
			);
			name = GitTest;
			productName = GitTest;
			productReference = 6FDDC6D41523EE1B00BA3D79 /* GitTest.app */;
			productType = "com.apple.product-type.application";
		};
		6FDDC6F71523EE1B00BA3D79 /* GitTestTests */ = {
			isa = PBXNativeTarget;
			buildConfigurationList = 6FDDC70D1523EE1B00BA3D79 /* Build configuration list for PBXNativeTarget "GitTestTests" */;
			buildPhases = (
				6FDDC6F31523EE1B00BA3D79 /* Sources */,
				6FDDC6F41523EE1B00BA3D79 /* Frameworks */,
				6FDDC6F51523EE1B00BA3D79 /* Resources */,
				6FDDC6F61523EE1B00BA3D79 /* ShellScript */,
			);
			buildRules = (
			);
			dependencies = (
				6FDDC6FE1523EE1B00BA3D79 /* PBXTargetDependency */,
			);
			name = GitTestTests;
			productName = GitTestTests;
			productReference = 6FDDC6F81523EE1B00BA3D79 /* GitTestTests.octest */;
			productType = "com.apple.product-type.bundle";
		};
/* End PBXNativeTarget section */

/* Begin PBXProject section */
		6FDDC6CB1523EE1B00BA3D79 /* Project object */ = {
			isa = PBXProject;
			attributes = {
				LastUpgradeCheck = 0430;
				ORGANIZATIONNAME = "에스티큐브";
			};
			buildConfigurationList = 6FDDC6CE1523EE1B00BA3D79 /* Build configuration list for PBXProject "GitTest" */;
			compatibilityVersion = "Xcode 3.2";
			developmentRegion = English;
			hasScannedForEncodings = 0;
			knownRegions = (
				en,
			);
			mainGroup = 6FDDC6C91523EE1B00BA3D79;
			productRefGroup = 6FDDC6D51523EE1B00BA3D79 /* Products */;
			projectDirPath = "";
			projectRoot = "";
			targets = (
				6FDDC6D31523EE1B00BA3D79 /* GitTest */,
				6FDDC6F71523EE1B00BA3D79 /* GitTestTests */,
			);
		};
/* End PBXProject section */

/* Begin PBXResourcesBuildPhase section */
		6FDDC6D21523EE1B00BA3D79 /* Resources */ = {
			isa = PBXResourcesBuildPhase;
			buildActionMask = 2147483647;
			files = (
				6FDDC6E31523EE1B00BA3D79 /* InfoPlist.strings in Resources */,
				6FDDC6EC1523EE1B00BA3D79 /* MainStoryboard_iPhone.storyboard in Resources */,
				6FDDC6EF1523EE1B00BA3D79 /* MainStoryboard_iPad.storyboard in Resources */,
			);
			runOnlyForDeploymentPostprocessing = 0;
		};
		6FDDC6F51523EE1B00BA3D79 /* Resources */ = {
			isa = PBXResourcesBuildPhase;
			buildActionMask = 2147483647;
			files = (
				6FDDC7041523EE1B00BA3D79 /* InfoPlist.strings in Resources */,
			);
			runOnlyForDeploymentPostprocessing = 0;
		};
/* End PBXResourcesBuildPhase section */

/* Begin PBXShellScriptBuildPhase section */
		6FDDC6F61523EE1B00BA3D79 /* ShellScript */ = {
			isa = PBXShellScriptBuildPhase;
			buildActionMask = 2147483647;
			files = (
			);
			inputPaths = (
			);
			outputPaths = (
			);
			runOnlyForDeploymentPostprocessing = 0;
			shellPath = /bin/sh;
			shellScript = "# Run the unit tests in this test bundle.\n\"${SYSTEM_DEVELOPER_DIR}/Tools/RunUnitTests\"\n";
		};
/* End PBXShellScriptBuildPhase section */

/* Begin PBXSourcesBuildPhase section */
		6FDDC6D01523EE1B00BA3D79 /* Sources */ = {
			isa = PBXSourcesBuildPhase;
			buildActionMask = 2147483647;
			files = (
				6FDDC6E51523EE1B00BA3D79 /* main.m in Sources */,
				6FDDC6E91523EE1B00BA3D79 /* AppDelegate.m in Sources */,
				6FDDC6F21523EE1B00BA3D79 /* ViewController.m in Sources */,
			);
			runOnlyForDeploymentPostprocessing = 0;
		};
		6FDDC6F31523EE1B00BA3D79 /* Sources */ = {
			isa = PBXSourcesBuildPhase;
			buildActionMask = 2147483647;
			files = (
				6FDDC7071523EE1B00BA3D79 /* GitTestTests.m in Sources */,
			);
			runOnlyForDeploymentPostprocessing = 0;
		};
/* End PBXSourcesBuildPhase section */

/* Begin PBXTargetDependency section */
		6FDDC6FE1523EE1B00BA3D79 /* PBXTargetDependency */ = {
			isa = PBXTargetDependency;
			target = 6FDDC6D31523EE1B00BA3D79 /* GitTest */;
			targetProxy = 6FDDC6FD1523EE1B00BA3D79 /* PBXContainerItemProxy */;
		};
/* End PBXTargetDependency section */

/* Begin PBXVariantGroup section */
		6FDDC6E11523EE1B00BA3D79 /* InfoPlist.strings */ = {
			isa = PBXVariantGroup;
			children = (
				6FDDC6E21523EE1B00BA3D79 /* en */,
			);
			name = InfoPlist.strings;
			sourceTree = "<group>";
		};
		6FDDC6EA1523EE1B00BA3D79 /* MainStoryboard_iPhone.storyboard */ = {
			isa = PBXVariantGroup;
			children = (
				6FDDC6EB1523EE1B00BA3D79 /* en */,
			);
			name = MainStoryboard_iPhone.storyboard;
			sourceTree = "<group>";
		};
		6FDDC6ED1523EE1B00BA3D79 /* MainStoryboard_iPad.storyboard */ = {
			isa = PBXVariantGroup;
			children = (
				6FDDC6EE1523EE1B00BA3D79 /* en */,
			);
			name = MainStoryboard_iPad.storyboard;
			sourceTree = "<group>";
		};
		6FDDC7021523EE1B00BA3D79 /* InfoPlist.strings */ = {
			isa = PBXVariantGroup;
			children = (
				6FDDC7031523EE1B00BA3D79 /* en */,
			);
			name = InfoPlist.strings;
			sourceTree = "<group>";
		};
/* End PBXVariantGroup section */

/* Begin XCBuildConfiguration section */
		6FDDC7081523EE1B00BA3D79 /* Debug */ = {
			isa = XCBuildConfiguration;
			buildSettings = {
				ALWAYS_SEARCH_USER_PATHS = NO;
				ARCHS = "$(ARCHS_STANDARD_32_BIT)";
				CLANG_ENABLE_OBJC_ARC = YES;
				"CODE_SIGN_IDENTITY[sdk=iphoneos*]" = "iPhone Developer";
				COPY_PHASE_STRIP = NO;
				GCC_C_LANGUAGE_STANDARD = gnu99;
				GCC_DYNAMIC_NO_PIC = NO;
				GCC_OPTIMIZATION_LEVEL = 0;
				GCC_PREPROCESSOR_DEFINITIONS = (
					"DEBUG=1",
					"$(inherited)",
				);
				GCC_SYMBOLS_PRIVATE_EXTERN = NO;
				GCC_VERSION = com.apple.compilers.llvm.clang.1_0;
				GCC_WARN_ABOUT_RETURN_TYPE = YES;
				GCC_WARN_UNINITIALIZED_AUTOS = YES;
				GCC_WARN_UNUSED_VARIABLE = YES;
				IPHONEOS_DEPLOYMENT_TARGET = 5.1;
				SDKROOT = iphoneos;
				TARGETED_DEVICE_FAMILY = "1,2";
			};
			name = Debug;
		};
		6FDDC7091523EE1B00BA3D79 /* Release */ = {
			isa = XCBuildConfiguration;
			buildSettings = {
				ALWAYS_SEARCH_USER_PATHS = NO;
				ARCHS = "$(ARCHS_STANDARD_32_BIT)";
				CLANG_ENABLE_OBJC_ARC = YES;
				"CODE_SIGN_IDENTITY[sdk=iphoneos*]" = "iPhone Developer";
				COPY_PHASE_STRIP = YES;
				GCC_C_LANGUAGE_STANDARD = gnu99;
				GCC_VERSION = com.apple.compilers.llvm.clang.1_0;
				GCC_WARN_ABOUT_RETURN_TYPE = YES;
				GCC_WARN_UNINITIALIZED_AUTOS = YES;
				GCC_WARN_UNUSED_VARIABLE = YES;
				IPHONEOS_DEPLOYMENT_TARGET = 5.1;
				OTHER_CFLAGS = "-DNS_BLOCK_ASSERTIONS=1";
				SDKROOT = iphoneos;
				TARGETED_DEVICE_FAMILY = "1,2";
				VALIDATE_PRODUCT = YES;
			};
			name = Release;
		};
		6FDDC70B1523EE1B00BA3D79 /* Debug */ = {
			isa = XCBuildConfiguration;
			buildSettings = {
				GCC_PRECOMPILE_PREFIX_HEADER = YES;
				GCC_PREFIX_HEADER = "GitTest/GitTest-Prefix.pch";
				INFOPLIST_FILE = "GitTest/GitTest-Info.plist";
				PRODUCT_NAME = "$(TARGET_NAME)";
				WRAPPER_EXTENSION = app;
			};
			name = Debug;
		};
		6FDDC70C1523EE1B00BA3D79 /* Release */ = {
			isa = XCBuildConfiguration;
			buildSettings = {
				GCC_PRECOMPILE_PREFIX_HEADER = YES;
				GCC_PREFIX_HEADER = "GitTest/GitTest-Prefix.pch";
				INFOPLIST_FILE = "GitTest/GitTest-Info.plist";
				PRODUCT_NAME = "$(TARGET_NAME)";
				WRAPPER_EXTENSION = app;
			};
			name = Release;
		};
		6FDDC70E1523EE1B00BA3D79 /* Debug */ = {
			isa = XCBuildConfiguration;
			buildSettings = {
				BUNDLE_LOADER = "$(BUILT_PRODUCTS_DIR)/GitTest.app/GitTest";
				FRAMEWORK_SEARCH_PATHS = (
					"$(SDKROOT)/Developer/Library/Frameworks",
					"$(DEVELOPER_LIBRARY_DIR)/Frameworks",
				);
				GCC_PRECOMPILE_PREFIX_HEADER = YES;
				GCC_PREFIX_HEADER = "GitTest/GitTest-Prefix.pch";
				INFOPLIST_FILE = "GitTestTests/GitTestTests-Info.plist";
				PRODUCT_NAME = "$(TARGET_NAME)";
				TEST_HOST = "$(BUNDLE_LOADER)";
				WRAPPER_EXTENSION = octest;
			};
			name = Debug;
		};
		6FDDC70F1523EE1B00BA3D79 /* Release */ = {
			isa = XCBuildConfiguration;
			buildSettings = {
				BUNDLE_LOADER = "$(BUILT_PRODUCTS_DIR)/GitTest.app/GitTest";
				FRAMEWORK_SEARCH_PATHS = (
					"$(SDKROOT)/Developer/Library/Frameworks",
					"$(DEVELOPER_LIBRARY_DIR)/Frameworks",
				);
				GCC_PRECOMPILE_PREFIX_HEADER = YES;
				GCC_PREFIX_HEADER = "GitTest/GitTest-Prefix.pch";
				INFOPLIST_FILE = "GitTestTests/GitTestTests-Info.plist";
				PRODUCT_NAME = "$(TARGET_NAME)";
				TEST_HOST = "$(BUNDLE_LOADER)";
				WRAPPER_EXTENSION = octest;
			};
			name = Release;
		};
/* End XCBuildConfiguration section */

/* Begin XCConfigurationList section */
		6FDDC6CE1523EE1B00BA3D79 /* Build configuration list for PBXProject "GitTest" */ = {
			isa = XCConfigurationList;
			buildConfigurations = (
				6FDDC7081523EE1B00BA3D79 /* Debug */,
				6FDDC7091523EE1B00BA3D79 /* Release */,
			);
			defaultConfigurationIsVisible = 0;
			defaultConfigurationName = Release;
		};
		6FDDC70A1523EE1B00BA3D79 /* Build configuration list for PBXNativeTarget "GitTest" */ = {
			isa = XCConfigurationList;
			buildConfigurations = (
				6FDDC70B1523EE1B00BA3D79 /* Debug */,
				6FDDC70C1523EE1B00BA3D79 /* Release */,
			);
			defaultConfigurationIsVisible = 0;
		};
		6FDDC70D1523EE1B00BA3D79 /* Build configuration list for PBXNativeTarget "GitTestTests" */ = {
			isa = XCConfigurationList;
			buildConfigurations = (
				6FDDC70E1523EE1B00BA3D79 /* Debug */,
				6FDDC70F1523EE1B00BA3D79 /* Release */,
			);
			defaultConfigurationIsVisible = 0;
		};
/* End XCConfigurationList section */
	};
	rootObject = 6FDDC6CB1523EE1B00BA3D79 /* Project object */;
}
